
Microsoft Visual Studio Solution File, Format Version 12.00
# Visual Studio 14
VisualStudioVersion = 14.0.24720.0
MinimumVisualStudioVersion = 10.0.40219.1
Project("{8BC9CEB8-8B4A-11D0-8D11-00A0C91BC942}") = "Iris Cerise-Strawberry", "Iris Cerise-Strawberry\Iris Cerise-Strawberry.vcxproj", "{B4B9A685-1DAC-4BCA-8AD2-C3CCBADD0ECB}"
EndProject
Project("{8BC9CEB8-8B4A-11D0-8D11-00A0C91BC942}") = "Iris Application Demo", "Iris Application Demo\Iris Application Demo.vcxproj", "{90A80282-ADFC-4D1B-B44C-10101BF69E03}"
EndProject
Project("{8BC9CEB8-8B4A-11D0-8D11-00A0C91BC942}") = "Iris Cerise-Spinach", "Iris Cerise-Spinach\Iris 2D Cerise-A.vcxproj", "{A55FC24E-9FE2-4600-9DB4-648D097DE422}"
EndProject
Project("{8BC9CEB8-8B4A-11D0-8D11-00A0C91BC942}") = "Iris 2D Extension For Iris Lang", "Iris 2D Extension For Iris Lang\Iris Extension.vcxproj", "{47AA9312-94B1-4C5F-8465-193B71DA5CF4}"
EndProject
Global
	GlobalSection(SolutionConfigurationPlatforms) = preSolution
		Debug|x64 = Debug|x64
		Debug|x86 = Debug|x86
		Release|x64 = Release|x64
		Release|x86 = Release|x86
	EndGlobalSection
	GlobalSection(ProjectConfigurationPlatforms) = postSolution
		{B4B9A685-1DAC-4BCA-8AD2-C3CCBADD0ECB}.Debug|x64.ActiveCfg = Debug|x64
		{B4B9A685-1DAC-4BCA-8AD2-C3CCBADD0ECB}.Debug|x64.Build.0 = Debug|x64
		{B4B9A685-1DAC-4BCA-8AD2-C3CCBADD0ECB}.Debug|x86.ActiveCfg = Debug|Win32
		{B4B9A685-1DAC-4BCA-8AD2-C3CCBADD0ECB}.Debug|x86.Build.0 = Debug|Win32
		{B4B9A685-1DAC-4BCA-8AD2-C3CCBADD0ECB}.Release|x64.ActiveCfg = Release|x64
		{B4B9A685-1DAC-4BCA-8AD2-C3CCBADD0ECB}.Release|x64.Build.0 = Release|x64
		{B4B9A685-1DAC-4BCA-8AD2-C3CCBADD0ECB}.Release|x86.ActiveCfg = Release|Win32
		{B4B9A685-1DAC-4BCA-8AD2-C3CCBADD0ECB}.Release|x86.Build.0 = Release|Win32
		{90A80282-ADFC-4D1B-B44C-10101BF69E03}.Debug|x64.ActiveCfg = Debug|x64
		{90A80282-ADFC-4D1B-B44C-10101BF69E03}.Debug|x64.Build.0 = Debug|x64
		{90A80282-ADFC-4D1B-B44C-10101BF69E03}.Debug|x86.ActiveCfg = Debug|Win32
		{90A80282-ADFC-4D1B-B44C-10101BF69E03}.Debug|x86.Build.0 = Debug|Win32
		{90A80282-ADFC-4D1B-B44C-10101BF69E03}.Release|x64.ActiveCfg = Release|x64
		{90A80282-ADFC-4D1B-B44C-10101BF69E03}.Release|x64.Build.0 = Release|x64
		{90A80282-ADFC-4D1B-B44C-10101BF69E03}.Release|x86.ActiveCfg = Release|Win32
		{90A80282-ADFC-4D1B-B44C-10101BF69E03}.Release|x86.Build.0 = Release|Win32
		{A55FC24E-9FE2-4600-9DB4-648D097DE422}.Debug|x64.ActiveCfg = Debug|x64
		{A55FC24E-9FE2-4600-9DB4-648D097DE422}.Debug|x64.Build.0 = Debug|x64
		{A55FC24E-9FE2-4600-9DB4-648D097DE422}.Debug|x86.ActiveCfg = Debug|Win32
		{A55FC24E-9FE2-4600-9DB4-648D097DE422}.Debug|x86.Build.0 = Debug|Win32
		{A55FC24E-9FE2-4600-9DB4-648D097DE422}.Release|x64.ActiveCfg = Release|x64
		{A55FC24E-9FE2-4600-9DB4-648D097DE422}.Release|x64.Build.0 = Release|x64
		{A55FC24E-9FE2-4600-9DB4-648D097DE422}.Release|x86.ActiveCfg = Release|Win32
		{A55FC24E-9FE2-4600-9DB4-648D097DE422}.Release|x86.Build.0 = Release|Win32
		{47AA9312-94B1-4C5F-8465-193B71DA5CF4}.Debug|x64.ActiveCfg = Debug|x64
		{47AA9312-94B1-4C5F-8465-193B71DA5CF4}.Debug|x64.Build.0 = Debug|x64
		{47AA9312-94B1-4C5F-8465-193B71DA5CF4}.Debug|x86.ActiveCfg = Debug|Win32
		{47AA9312-94B1-4C5F-8465-193B71DA5CF4}.Debug|x86.Build.0 = Debug|Win32
		{47AA9312-94B1-4C5F-8465-193B71DA5CF4}.Release|x64.ActiveCfg = Release|x64
		{47AA9312-94B1-4C5F-8465-193B71DA5CF4}.Release|x64.Build.0 = Release|x64
		{47AA9312-94B1-4C5F-8465-193B71DA5CF4}.Release|x86.ActiveCfg = Release|Win32
		{47AA9312-94B1-4C5F-8465-193B71DA5CF4}.Release|x86.Build.0 = Release|Win32
	EndGlobalSection
	GlobalSection(SolutionProperties) = preSolution
		HideSolutionNode = FALSE
	EndGlobalSection
EndGlobal
