<?xml version="1.0" encoding="utf-8"?>
<Project ToolsVersion="4.0" xmlns="http://schemas.microsoft.com/developer/msbuild/2003">
  <ItemGroup>
    <Filter Include="源文件">
      <UniqueIdentifier>{4FC737F1-C7A5-4376-A066-2A32D752A2FF}</UniqueIdentifier>
      <Extensions>cpp;c;cc;cxx;def;odl;idl;hpj;bat;asm;asmx</Extensions>
    </Filter>
    <Filter Include="头文件">
      <UniqueIdentifier>{93995380-89BD-4b04-88EB-625FBE52EBFB}</UniqueIdentifier>
      <Extensions>h;hh;hpp;hxx;hm;inl;inc;xsd</Extensions>
    </Filter>
    <Filter Include="资源文件">
      <UniqueIdentifier>{67DA6AB6-F800-4c08-8B7A-83BB121AAD01}</UniqueIdentifier>
      <Extensions>rc;ico;cur;bmp;dlg;rc2;rct;bin;rgs;gif;jpg;jpeg;jpe;resx;tiff;tif;png;wav;mfcribbon-ms</Extensions>
    </Filter>
  </ItemGroup>
  <ItemGroup>
    <ClCompile Include="src\Iris2D\IrisApp.cpp">
      <Filter>源文件</Filter>
    </ClCompile>
    <ClCompile Include="src\Iris2D\IrisD3DResourceManager.cpp">
      <Filter>源文件</Filter>
    </ClCompile>
    <ClCompile Include="src\Iris2D\IrisSprite.cpp">
      <Filter>源文件</Filter>
    </ClCompile>
    <ClCompile Include="src\Iris2D\IrisShaders\IrisShaderBase.cpp">
      <Filter>源文件</Filter>
    </ClCompile>
    <ClCompile Include="src\Iris2D Util\IrisTexture.cpp">
      <Filter>源文件</Filter>
    </ClCompile>
    <ClCompile Include="src\Iris2D\IrisGraphics.cpp">
      <Filter>源文件</Filter>
    </ClCompile>
    <ClCompile Include="src\Iris2D\IrisD2DResourceManager.cpp">
      <Filter>源文件</Filter>
    </ClCompile>
    <ClCompile Include="src\main.cpp">
      <Filter>源文件</Filter>
    </ClCompile>
    <ClCompile Include="src\DxUtil\WICTextureLoader.cpp">
      <Filter>源文件</Filter>
    </ClCompile>
    <ClCompile Include="src\Iris2d\IrisBitmap.cpp">
      <Filter>源文件</Filter>
    </ClCompile>
    <ClCompile Include="src\Iris2D\IrisShaders\IrisSpriteVertexShader.cpp">
      <Filter>源文件</Filter>
    </ClCompile>
    <ClCompile Include="src\Iris2D\IrisShaders\IrisSpritePixelShader.cpp">
      <Filter>源文件</Filter>
    </ClCompile>
    <ClCompile Include="src\Iris2D\IrisRect.cpp">
      <Filter>源文件</Filter>
    </ClCompile>
    <ClCompile Include="src\Iris2D\IrisColor.cpp">
      <Filter>源文件</Filter>
    </ClCompile>
    <ClCompile Include="src\Iris2D Util\IrisDataConvertHelper.cpp">
      <Filter>源文件</Filter>
    </ClCompile>
  </ItemGroup>
  <ItemGroup>
    <ClInclude Include="include\Iris2D\IrisApp.h">
      <Filter>头文件</Filter>
    </ClInclude>
    <ClInclude Include="include\IrisCommon.h">
      <Filter>头文件</Filter>
    </ClInclude>
    <ClInclude Include="include\Iris2D\IrisD3DResourceManager.h">
      <Filter>头文件</Filter>
    </ClInclude>
    <ClInclude Include="include\Iris2D\IrisGraphics.h">
      <Filter>头文件</Filter>
    </ClInclude>
    <ClInclude Include="include\Iris2D\IrisSprite.h">
      <Filter>头文件</Filter>
    </ClInclude>
    <ClInclude Include="include\Iris2D\IrisShaders\IrisShaderBase.h">
      <Filter>头文件</Filter>
    </ClInclude>
    <ClInclude Include="include\Iris2D Util\IrisResult.h">
      <Filter>头文件</Filter>
    </ClInclude>
    <ClInclude Include="include\Iris2D\IrisShaders\IrisPixelShaderBase.h">
      <Filter>头文件</Filter>
    </ClInclude>
    <ClInclude Include="include\Iris2DCompileConfigure.h">
      <Filter>头文件</Filter>
    </ClInclude>
    <ClInclude Include="include\Iris2D\IrisShaders\IrisVertexShaderBase.h">
      <Filter>头文件</Filter>
    </ClInclude>
    <ClInclude Include="include\Iris2D Util\IrisSpriteVertex.h">
      <Filter>头文件</Filter>
    </ClInclude>
    <ClInclude Include="include\Iris2D Util\IrisTexture.h">
      <Filter>头文件</Filter>
    </ClInclude>
    <ClInclude Include="include\Iris2D\IrisD2DResourceManager.h">
      <Filter>头文件</Filter>
    </ClInclude>
    <ClInclude Include="include\DxUtil\DirectXTex.h">
      <Filter>头文件</Filter>
    </ClInclude>
    <ClInclude Include="include\DxUtil\WICTextureLoader.h">
      <Filter>头文件</Filter>
    </ClInclude>
    <ClInclude Include="include\Iris2D\IrisBitmap.h">
      <Filter>头文件</Filter>
    </ClInclude>
    <ClInclude Include="include\Iris2D\IrisShaders\IrisSpriteVertexShader.h">
      <Filter>头文件</Filter>
    </ClInclude>
    <ClInclude Include="include\Iris2D\IrisShaders\IrisSpritePixelShader.h">
      <Filter>头文件</Filter>
    </ClInclude>
    <ClInclude Include="include\Iris2D Util\IrisSpriteShaderBuffers.h">
      <Filter>头文件</Filter>
    </ClInclude>
    <ClInclude Include="include\Iris2D.h">
      <Filter>头文件</Filter>
    </ClInclude>
    <ClInclude Include="include\Iris2D\IrisRect.h">
      <Filter>头文件</Filter>
    </ClInclude>
    <ClInclude Include="include\Iris2D\IrisColor.h">
      <Filter>头文件</Filter>
    </ClInclude>
    <ClInclude Include="include\Iris2D Util\IrisDataConvertHelper.h">
      <Filter>头文件</Filter>
    </ClInclude>
  </ItemGroup>
  <ItemGroup>
    <None Include="include\DxUtil\DirectXTex.inl">
      <Filter>头文件</Filter>
    </None>
  </ItemGroup>
</Project>