<?xml version="1.0" encoding="utf-8"?>
<Project ToolsVersion="4.0" xmlns="http://schemas.microsoft.com/developer/msbuild/2003">
  <ItemGroup>
    <Filter Include="源文件">
      <UniqueIdentifier>{4FC737F1-C7A5-4376-A066-2A32D752A2FF}</UniqueIdentifier>
      <Extensions>cpp;c;cc;cxx;def;odl;idl;hpj;bat;asm;asmx</Extensions>
    </Filter>
    <Filter Include="头文件">
      <UniqueIdentifier>{93995380-89BD-4b04-88EB-625FBE52EBFB}</UniqueIdentifier>
      <Extensions>h;hh;hpp;hxx;hm;inl;inc;xsd</Extensions>
    </Filter>
    <Filter Include="资源文件">
      <UniqueIdentifier>{67DA6AB6-F800-4c08-8B7A-83BB121AAD01}</UniqueIdentifier>
      <Extensions>rc;ico;cur;bmp;dlg;rc2;rct;bin;rgs;gif;jpg;jpeg;jpe;resx;tiff;tif;png;wav;mfcribbon-ms</Extensions>
    </Filter>
  </ItemGroup>
  <ItemGroup>
    <Text Include="ReadMe.txt" />
  </ItemGroup>
  <ItemGroup>
    <ClInclude Include="stdafx.h">
      <Filter>头文件</Filter>
    </ClInclude>
    <ClInclude Include="targetver.h">
      <Filter>头文件</Filter>
    </ClInclude>
    <ClInclude Include="Iris Extension.h">
      <Filter>头文件</Filter>
    </ClInclude>
    <ClInclude Include="include\Iris 2D Library.h">
      <Filter>头文件</Filter>
    </ClInclude>
    <ClInclude Include="include\IrisLangLibrary.h">
      <Filter>头文件</Filter>
    </ClInclude>
    <ClInclude Include="include\IrisUnil\IrisValue.h">
      <Filter>头文件</Filter>
    </ClInclude>
    <ClInclude Include="include\IrisInterfaces\IIrisClass.h">
      <Filter>头文件</Filter>
    </ClInclude>
    <ClInclude Include="include\IrisInterfaces\IIrisClosureBlock.h">
      <Filter>头文件</Filter>
    </ClInclude>
    <ClInclude Include="include\IrisInterfaces\IIrisContextEnvironment.h">
      <Filter>头文件</Filter>
    </ClInclude>
    <ClInclude Include="include\IrisInterfaces\IIrisInterface.h">
      <Filter>头文件</Filter>
    </ClInclude>
    <ClInclude Include="include\IrisInterfaces\IIrisInterString.h">
      <Filter>头文件</Filter>
    </ClInclude>
    <ClInclude Include="include\IrisInterfaces\IIrisModule.h">
      <Filter>头文件</Filter>
    </ClInclude>
    <ClInclude Include="include\IrisInterfaces\IIrisObject.h">
      <Filter>头文件</Filter>
    </ClInclude>
    <ClInclude Include="include\IrisInterfaces\IIrisValues.h">
      <Filter>头文件</Filter>
    </ClInclude>
    <ClInclude Include="include\IrisBitmap.h">
      <Filter>头文件</Filter>
    </ClInclude>
    <ClInclude Include="include\IrisColor.h">
      <Filter>头文件</Filter>
    </ClInclude>
    <ClInclude Include="include\IrisRectD.h">
      <Filter>头文件</Filter>
    </ClInclude>
    <ClInclude Include="include\IrisSprite.h">
      <Filter>头文件</Filter>
    </ClInclude>
    <ClInclude Include="include\IrisGraphics.h">
      <Filter>头文件</Filter>
    </ClInclude>
    <ClInclude Include="include\IrisMapping\IrisFontClass.h">
      <Filter>头文件</Filter>
    </ClInclude>
    <ClInclude Include="include\IrisMapping\IrisToneClass.h">
      <Filter>头文件</Filter>
    </ClInclude>
    <ClInclude Include="include\IrisMapping\IrisViewportClass.h">
      <Filter>头文件</Filter>
    </ClInclude>
    <ClInclude Include="include\IrisMapping\IrisBitmapClass.h">
      <Filter>头文件</Filter>
    </ClInclude>
    <ClInclude Include="include\IrisMapping\IrisColorClass.h">
      <Filter>头文件</Filter>
    </ClInclude>
    <ClInclude Include="include\IrisMapping\IrisGraphicsModule.h">
      <Filter>头文件</Filter>
    </ClInclude>
    <ClInclude Include="include\IrisMapping\IrisRectClass.h">
      <Filter>头文件</Filter>
    </ClInclude>
    <ClInclude Include="include\IrisMapping\IrisSpriteClass.h">
      <Filter>头文件</Filter>
    </ClInclude>
    <ClInclude Include="include\IrisMapping\IrisInputModule.h">
      <Filter>头文件</Filter>
    </ClInclude>
    <ClInclude Include="include\IrisMapping\IrisAudioModule.h">
      <Filter>头文件</Filter>
    </ClInclude>
  </ItemGroup>
  <ItemGroup>
    <ClCompile Include="stdafx.cpp">
      <Filter>源文件</Filter>
    </ClCompile>
    <ClCompile Include="Iris Extension.cpp">
      <Filter>源文件</Filter>
    </ClCompile>
    <ClCompile Include="dllmain.cpp">
      <Filter>源文件</Filter>
    </ClCompile>
    <ClCompile Include="include\IrisUnil\IrisValue.cpp">
      <Filter>源文件</Filter>
    </ClCompile>
    <ClCompile Include="src\IrisFontClass.cpp">
      <Filter>源文件</Filter>
    </ClCompile>
    <ClCompile Include="src\IrisToneClass.cpp">
      <Filter>源文件</Filter>
    </ClCompile>
    <ClCompile Include="src\IrisViewportClass.cpp">
      <Filter>源文件</Filter>
    </ClCompile>
    <ClCompile Include="src\IrisBitmapClass.cpp">
      <Filter>源文件</Filter>
    </ClCompile>
    <ClCompile Include="src\IrisColorClass.cpp">
      <Filter>源文件</Filter>
    </ClCompile>
    <ClCompile Include="src\IrisGraphicsModule.cpp">
      <Filter>源文件</Filter>
    </ClCompile>
    <ClCompile Include="src\IrisRectClass.cpp">
      <Filter>源文件</Filter>
    </ClCompile>
    <ClCompile Include="src\IrisSpriteClass.cpp">
      <Filter>源文件</Filter>
    </ClCompile>
    <ClCompile Include="src\IrisInputModule.cpp">
      <Filter>源文件</Filter>
    </ClCompile>
    <ClCompile Include="src\IrisAudioModule.cpp">
      <Filter>源文件</Filter>
    </ClCompile>
  </ItemGroup>
  <ItemGroup>
    <Library Include="IrisLangLibrary.lib" />
  </ItemGroup>
</Project>