
Microsoft Visual Studio Solution File, Format Version 12.00
# Visual Studio 15
VisualStudioVersion = 15.0.28010.0
MinimumVisualStudioVersion = 10.0.40219.1
Project("{FAE04EC0-301F-11D3-BF4B-00C04F79EFBC}") = "Iris2D", "Iris2DDotnetCore\Iris2D.csproj", "{A236E9A2-5965-494E-9338-8A0F0E4B2B8C}"
EndProject
Global
	GlobalSection(SolutionConfigurationPlatforms) = preSolution
		Debug|Any CPU = Debug|Any CPU
		Release|Any CPU = Release|Any CPU
	EndGlobalSection
	GlobalSection(ProjectConfigurationPlatforms) = postSolution
		{A236E9A2-5965-494E-9338-8A0F0E4B2B8C}.Debug|Any CPU.ActiveCfg = Debug|Any CPU
		{A236E9A2-5965-494E-9338-8A0F0E4B2B8C}.Debug|Any CPU.Build.0 = Debug|Any CPU
		{A236E9A2-5965-494E-9338-8A0F0E4B2B8C}.Release|Any CPU.ActiveCfg = Release|Any CPU
		{A236E9A2-5965-494E-9338-8A0F0E4B2B8C}.Release|Any CPU.Build.0 = Release|Any CPU
	EndGlobalSection
	GlobalSection(SolutionProperties) = preSolution
		HideSolutionNode = FALSE
	EndGlobalSection
	GlobalSection(ExtensibilityGlobals) = postSolution
		SolutionGuid = {36C755AF-7EB2-4E31-AC03-F62EB514333C}
	EndGlobalSection
EndGlobal
